
Microsoft Visual Studio Solution File, Format Version 12.00
# Visual Studio Version 17
VisualStudioVersion = 17.14.36429.23 d17.14
MinimumVisualStudioVersion = 10.0.40219.1
Project("{FAE04EC0-301F-11D3-BF4B-00C04F79EFBC}") = "cucc2", "cucc2\cucc2.csproj", "{FE392813-6451-4A8C-9D23-CEFB53C9D584}"
EndProject
Global
	GlobalSection(SolutionConfigurationPlatforms) = preSolution
		Debug|Any CPU = Debug|Any CPU
		Release|Any CPU = Release|Any CPU
	EndGlobalSection
	GlobalSection(ProjectConfigurationPlatforms) = postSolution
		{FE392813-6451-4A8C-9D23-CEFB53C9D584}.Debug|Any CPU.ActiveCfg = Debug|Any CPU
		{FE392813-6451-4A8C-9D23-CEFB53C9D584}.Debug|Any CPU.Build.0 = Debug|Any CPU
		{FE392813-6451-4A8C-9D23-CEFB53C9D584}.Release|Any CPU.ActiveCfg = Release|Any CPU
		{FE392813-6451-4A8C-9D23-CEFB53C9D584}.Release|Any CPU.Build.0 = Release|Any CPU
	EndGlobalSection
	GlobalSection(SolutionProperties) = preSolution
		HideSolutionNode = FALSE
	EndGlobalSection
	GlobalSection(ExtensibilityGlobals) = postSolution
		SolutionGuid = {6FE9ED0C-C6EA-44D4-9344-533B54E5579D}
	EndGlobalSection
EndGlobal
